<?xml version="1.0" encoding="utf-8"?>
<Project ToolsVersion="4.0" xmlns="http://schemas.microsoft.com/developer/msbuild/2003">
  <ItemGroup>
    <Filter Include="Resource Files">
      <UniqueIdentifier>{67DA6AB6-F800-4c08-8B7A-83BB121AAD01}</UniqueIdentifier>
      <Extensions>rc;ico;cur;bmp;dlg;rc2;rct;bin;rgs;gif;jpg;jpeg;jpe;resx;tiff;tif;png;wav;mfcribbon-ms</Extensions>
    </Filter>
    <Filter Include="AllegroWrappers">
      <UniqueIdentifier>{9146041d-9793-4593-a301-6c93a4f1b996}</UniqueIdentifier>
    </Filter>
    <Filter Include="Pong">
      <UniqueIdentifier>{851e8a7c-3108-4f05-b165-4f1bbd28acb0}</UniqueIdentifier>
    </Filter>
  </ItemGroup>
  <ItemGroup>
    <None Include="packages.config" />
  </ItemGroup>
  <ItemGroup>
    <ClCompile Include="src\AlFontModule.cpp">
      <Filter>AllegroWrappers</Filter>
    </ClCompile>
    <ClCompile Include="src\AllegroBitmap.cpp">
      <Filter>AllegroWrappers</Filter>
    </ClCompile>
    <ClCompile Include="src\AllegroBuiltinFont.cpp">
      <Filter>AllegroWrappers</Filter>
    </ClCompile>
    <ClCompile Include="src\AllegroDisplay.cpp">
      <Filter>AllegroWrappers</Filter>
    </ClCompile>
    <ClCompile Include="src\AllegroEventQueue.cpp">
      <Filter>AllegroWrappers</Filter>
    </ClCompile>
    <ClCompile Include="src\AllegroKeyboard.cpp">
      <Filter>AllegroWrappers</Filter>
    </ClCompile>
    <ClCompile Include="src\AllegroKeyboardState.cpp">
      <Filter>AllegroWrappers</Filter>
    </ClCompile>
    <ClCompile Include="src\AllegroMouse.cpp">
      <Filter>AllegroWrappers</Filter>
    </ClCompile>
    <ClCompile Include="src\AllegroTimer.cpp">
      <Filter>AllegroWrappers</Filter>
    </ClCompile>
    <ClCompile Include="src\AlMainModule.cpp">
      <Filter>AllegroWrappers</Filter>
    </ClCompile>
    <ClCompile Include="src\Main.cpp" />
    <ClCompile Include="src\Game.cpp">
      <Filter>Pong</Filter>
    </ClCompile>
    <ClCompile Include="src\GameCharacters.cpp">
      <Filter>Pong</Filter>
    </ClCompile>
    <ClCompile Include="src\KeyPressHandler.cpp">
      <Filter>Pong</Filter>
    </ClCompile>
    <ClCompile Include="src\ScoreBoard.cpp">
      <Filter>Pong</Filter>
    </ClCompile>
    <ClCompile Include="src\AlTtfModule.cpp">
      <Filter>AllegroWrappers</Filter>
    </ClCompile>
  </ItemGroup>
  <ItemGroup>
    <ClInclude Include="src\AlFontModule.h">
      <Filter>AllegroWrappers</Filter>
    </ClInclude>
    <ClInclude Include="src\AllegroBitmap.h">
      <Filter>AllegroWrappers</Filter>
    </ClInclude>
    <ClInclude Include="src\AllegroBuiltinFont.h">
      <Filter>AllegroWrappers</Filter>
    </ClInclude>
    <ClInclude Include="src\AllegroDisplay.h">
      <Filter>AllegroWrappers</Filter>
    </ClInclude>
    <ClInclude Include="src\AllegroEventQueue.h">
      <Filter>AllegroWrappers</Filter>
    </ClInclude>
    <ClInclude Include="src\AllegroKeyboard.h">
      <Filter>AllegroWrappers</Filter>
    </ClInclude>
    <ClInclude Include="src\AllegroKeyboardState.h">
      <Filter>AllegroWrappers</Filter>
    </ClInclude>
    <ClInclude Include="src\AllegroMouse.h">
      <Filter>AllegroWrappers</Filter>
    </ClInclude>
    <ClInclude Include="src\AllegroMouseEvent.h">
      <Filter>AllegroWrappers</Filter>
    </ClInclude>
    <ClInclude Include="src\AllegroPong.h">
      <Filter>AllegroWrappers</Filter>
    </ClInclude>
    <ClInclude Include="src\AllegroTimer.h">
      <Filter>AllegroWrappers</Filter>
    </ClInclude>
    <ClInclude Include="src\AlMainModule.h">
      <Filter>AllegroWrappers</Filter>
    </ClInclude>
    <ClInclude Include="src\Game.h">
      <Filter>Pong</Filter>
    </ClInclude>
    <ClInclude Include="src\GameCharacters.h">
      <Filter>Pong</Filter>
    </ClInclude>
    <ClInclude Include="src\IEventSource.h">
      <Filter>Pong</Filter>
    </ClInclude>
    <ClInclude Include="src\KeyPressHandler.h">
      <Filter>Pong</Filter>
    </ClInclude>
    <ClInclude Include="src\ScoreBoard.h">
      <Filter>Pong</Filter>
    </ClInclude>
    <ClInclude Include="src\AlTtfModule.h">
      <Filter>AllegroWrappers</Filter>
    </ClInclude>
  </ItemGroup>
  <ItemGroup>
    <Image Include="paddle.png">
      <Filter>Resource Files</Filter>
    </Image>
    <Image Include="ball.png">
      <Filter>Resource Files</Filter>
    </Image>
  </ItemGroup>
</Project>